
Microsoft Visual Studio Solution File, Format Version 12.00
# Visual Studio Version 17
VisualStudioVersion = 17.10.34916.146
MinimumVisualStudioVersion = 10.0.40219.1
Project("{FAE04EC0-301F-11D3-BF4B-00C04F79EFBC}") = "RepoMVCusingSP", "RepoMVCusingSP\RepoMVCusingSP.csproj", "{FFBE1D7C-F882-4147-9F21-6BFEBB8684A8}"
EndProject
Global
	GlobalSection(SolutionConfigurationPlatforms) = preSolution
		Debug|Any CPU = Debug|Any CPU
		Release|Any CPU = Release|Any CPU
	EndGlobalSection
	GlobalSection(ProjectConfigurationPlatforms) = postSolution
		{FFBE1D7C-F882-4147-9F21-6BFEBB8684A8}.Debug|Any CPU.ActiveCfg = Debug|Any CPU
		{FFBE1D7C-F882-4147-9F21-6BFEBB8684A8}.Debug|Any CPU.Build.0 = Debug|Any CPU
		{FFBE1D7C-F882-4147-9F21-6BFEBB8684A8}.Release|Any CPU.ActiveCfg = Release|Any CPU
		{FFBE1D7C-F882-4147-9F21-6BFEBB8684A8}.Release|Any CPU.Build.0 = Release|Any CPU
	EndGlobalSection
	GlobalSection(SolutionProperties) = preSolution
		HideSolutionNode = FALSE
	EndGlobalSection
	GlobalSection(ExtensibilityGlobals) = postSolution
		SolutionGuid = {55D236D6-0030-4301-98F4-ABD026313E27}
	EndGlobalSection
EndGlobal
